
Microsoft Visual Studio Solution File, Format Version 12.00
# Visual Studio 15
VisualStudioVersion = 15.0.27004.2008
MinimumVisualStudioVersion = 10.0.40219.1
Project("{FAE04EC0-301F-11D3-BF4B-00C04F79EFBC}") = "E-Store Games DRM", "E-Store Games DRM\E-Store Games DRM.csproj", "{2F412DDD-4F0A-4376-8037-6E2A88FA373D}"
EndProject
Global
	GlobalSection(SolutionConfigurationPlatforms) = preSolution
		Debug|Any CPU = Debug|Any CPU
		Release|Any CPU = Release|Any CPU
	EndGlobalSection
	GlobalSection(ProjectConfigurationPlatforms) = postSolution
		{2F412DDD-4F0A-4376-8037-6E2A88FA373D}.Debug|Any CPU.ActiveCfg = Debug|Any CPU
		{2F412DDD-4F0A-4376-8037-6E2A88FA373D}.Debug|Any CPU.Build.0 = Debug|Any CPU
		{2F412DDD-4F0A-4376-8037-6E2A88FA373D}.Release|Any CPU.ActiveCfg = Release|Any CPU
		{2F412DDD-4F0A-4376-8037-6E2A88FA373D}.Release|Any CPU.Build.0 = Release|Any CPU
	EndGlobalSection
	GlobalSection(SolutionProperties) = preSolution
		HideSolutionNode = FALSE
	EndGlobalSection
	GlobalSection(ExtensibilityGlobals) = postSolution
		SolutionGuid = {92EE0872-6FB6-4740-9BA2-5866AC803488}
	EndGlobalSection
EndGlobal
